
Microsoft Visual Studio Solution File, Format Version 12.00
# Visual Studio Version 17
VisualStudioVersion = 17.3.32922.545
MinimumVisualStudioVersion = 10.0.40219.1
Project("{9A19103F-16F7-4668-BE54-9A1E7A4F7556}") = "WeaveMicrocenter", "WeaveMicrocenter.csproj", "{8FB0EC51-9FB0-4279-B888-57F0E0125997}"
EndProject
Project("{9A19103F-16F7-4668-BE54-9A1E7A4F7556}") = "gateway", "..\gateway\gateway.csproj", "{B5F4C97E-BEDB-4872-B9DC-D62E3289B868}"
EndProject
Project("{9A19103F-16F7-4668-BE54-9A1E7A4F7556}") = "wRPC", "..\wRPC\wRPC.csproj", "{55DFECBC-A117-4ECF-A672-27B333779D39}"
EndProject
Project("{9A19103F-16F7-4668-BE54-9A1E7A4F7556}") = "wRPCService", "..\wRPCService\wRPCService.csproj", "{0B6406CE-76E9-4D3C-885A-8A565168AB68}"
EndProject
Project("{9A19103F-16F7-4668-BE54-9A1E7A4F7556}") = "Test", "..\Test\Test.csproj", "{92ADFD94-B0B4-43CD-9685-A99F536C9620}"
EndProject
Project("{2150E333-8FDC-42A3-9474-1A3956D46DE8}") = "testdll", "testdll", "{27BB2D4E-8C29-458E-9A65-F5B60F862AE2}"
EndProject
Project("{9A19103F-16F7-4668-BE54-9A1E7A4F7556}") = "testdll2", "..\testdll2\testdll2.csproj", "{5DD9DBF7-35C9-41FB-A056-666D46FBE51A}"
EndProject
Project("{2150E333-8FDC-42A3-9474-1A3956D46DE8}") = "网关", "网关", "{E4079D14-BC97-4E84-A53A-8DBCDF283BEE}"
EndProject
Project("{2150E333-8FDC-42A3-9474-1A3956D46DE8}") = "注册中心", "注册中心", "{138A2AE9-0353-400E-8815-45B5DE270354}"
EndProject
Project("{2150E333-8FDC-42A3-9474-1A3956D46DE8}") = "RPC服务", "RPC服务", "{33FAFE5C-D1DA-4CF0-A8FE-C24A9EEC70F5}"
EndProject
Project("{9A19103F-16F7-4668-BE54-9A1E7A4F7556}") = "WeaveMicroClient", "..\WeaveMicroClient\WeaveMicroClient.csproj", "{516DA043-38A9-4658-92ED-EF1B656CFD38}"
EndProject
Project("{2150E333-8FDC-42A3-9474-1A3956D46DE8}") = "验证中心", "验证中心", "{E63E9A4D-FF14-4F19-B987-E8FD0182C0B5}"
EndProject
Project("{9A19103F-16F7-4668-BE54-9A1E7A4F7556}") = "IdentityServer", "..\IdentityServer\IdentityServer.csproj", "{E6C5D213-0465-46E1-B604-3706E6FA6E24}"
EndProject
Project("{9A19103F-16F7-4668-BE54-9A1E7A4F7556}") = "WeaveRemoteService", "..\WeaveRemoteService\WeaveRemoteService.csproj", "{29C0639D-93F5-46CD-9C69-7B514C3DB53C}"
EndProject
Project("{FAE04EC0-301F-11D3-BF4B-00C04F79EFBC}") = "Launcher", "..\Launcher\Launcher.csproj", "{4A1C40CE-0CB0-4955-BB9C-D041D35000F7}"
EndProject
Project("{9A19103F-16F7-4668-BE54-9A1E7A4F7556}") = "WeaveDoc", "..\WeaveDoc\WeaveDoc.csproj", "{17963C9C-8D70-4D03-904E-5EA3600F9989}"
EndProject
Project("{FAE04EC0-301F-11D3-BF4B-00C04F79EFBC}") = "WeaveVerify", "..\WeaveVerify\WeaveVerify.csproj", "{5ADEDF72-8DEF-44BC-B429-3CEEEE4FCC5B}"
EndProject
Project("{FAE04EC0-301F-11D3-BF4B-00C04F79EFBC}") = "testVerify", "..\testVerify\testVerify.csproj", "{12D88E55-7C15-4F4B-A123-503A6F422C76}"
EndProject
Global
	GlobalSection(SolutionConfigurationPlatforms) = preSolution
		Debug|Any CPU = Debug|Any CPU
		Release|Any CPU = Release|Any CPU
	EndGlobalSection
	GlobalSection(ProjectConfigurationPlatforms) = postSolution
		{8FB0EC51-9FB0-4279-B888-57F0E0125997}.Debug|Any CPU.ActiveCfg = Debug|Any CPU
		{8FB0EC51-9FB0-4279-B888-57F0E0125997}.Debug|Any CPU.Build.0 = Debug|Any CPU
		{8FB0EC51-9FB0-4279-B888-57F0E0125997}.Release|Any CPU.ActiveCfg = Release|Any CPU
		{8FB0EC51-9FB0-4279-B888-57F0E0125997}.Release|Any CPU.Build.0 = Release|Any CPU
		{B5F4C97E-BEDB-4872-B9DC-D62E3289B868}.Debug|Any CPU.ActiveCfg = Debug|Any CPU
		{B5F4C97E-BEDB-4872-B9DC-D62E3289B868}.Debug|Any CPU.Build.0 = Debug|Any CPU
		{B5F4C97E-BEDB-4872-B9DC-D62E3289B868}.Release|Any CPU.ActiveCfg = Release|Any CPU
		{B5F4C97E-BEDB-4872-B9DC-D62E3289B868}.Release|Any CPU.Build.0 = Release|Any CPU
		{55DFECBC-A117-4ECF-A672-27B333779D39}.Debug|Any CPU.ActiveCfg = Debug|Any CPU
		{55DFECBC-A117-4ECF-A672-27B333779D39}.Debug|Any CPU.Build.0 = Debug|Any CPU
		{55DFECBC-A117-4ECF-A672-27B333779D39}.Release|Any CPU.ActiveCfg = Release|Any CPU
		{55DFECBC-A117-4ECF-A672-27B333779D39}.Release|Any CPU.Build.0 = Release|Any CPU
		{0B6406CE-76E9-4D3C-885A-8A565168AB68}.Debug|Any CPU.ActiveCfg = Debug|Any CPU
		{0B6406CE-76E9-4D3C-885A-8A565168AB68}.Debug|Any CPU.Build.0 = Debug|Any CPU
		{0B6406CE-76E9-4D3C-885A-8A565168AB68}.Release|Any CPU.ActiveCfg = Release|Any CPU
		{0B6406CE-76E9-4D3C-885A-8A565168AB68}.Release|Any CPU.Build.0 = Release|Any CPU
		{92ADFD94-B0B4-43CD-9685-A99F536C9620}.Debug|Any CPU.ActiveCfg = Debug|Any CPU
		{92ADFD94-B0B4-43CD-9685-A99F536C9620}.Debug|Any CPU.Build.0 = Debug|Any CPU
		{92ADFD94-B0B4-43CD-9685-A99F536C9620}.Release|Any CPU.ActiveCfg = Release|Any CPU
		{92ADFD94-B0B4-43CD-9685-A99F536C9620}.Release|Any CPU.Build.0 = Release|Any CPU
		{5DD9DBF7-35C9-41FB-A056-666D46FBE51A}.Debug|Any CPU.ActiveCfg = Debug|Any CPU
		{5DD9DBF7-35C9-41FB-A056-666D46FBE51A}.Debug|Any CPU.Build.0 = Debug|Any CPU
		{5DD9DBF7-35C9-41FB-A056-666D46FBE51A}.Release|Any CPU.ActiveCfg = Release|Any CPU
		{5DD9DBF7-35C9-41FB-A056-666D46FBE51A}.Release|Any CPU.Build.0 = Release|Any CPU
		{516DA043-38A9-4658-92ED-EF1B656CFD38}.Debug|Any CPU.ActiveCfg = Debug|Any CPU
		{516DA043-38A9-4658-92ED-EF1B656CFD38}.Debug|Any CPU.Build.0 = Debug|Any CPU
		{516DA043-38A9-4658-92ED-EF1B656CFD38}.Release|Any CPU.ActiveCfg = Release|Any CPU
		{516DA043-38A9-4658-92ED-EF1B656CFD38}.Release|Any CPU.Build.0 = Release|Any CPU
		{E6C5D213-0465-46E1-B604-3706E6FA6E24}.Debug|Any CPU.ActiveCfg = Debug|Any CPU
		{E6C5D213-0465-46E1-B604-3706E6FA6E24}.Debug|Any CPU.Build.0 = Debug|Any CPU
		{E6C5D213-0465-46E1-B604-3706E6FA6E24}.Release|Any CPU.ActiveCfg = Release|Any CPU
		{E6C5D213-0465-46E1-B604-3706E6FA6E24}.Release|Any CPU.Build.0 = Release|Any CPU
		{29C0639D-93F5-46CD-9C69-7B514C3DB53C}.Debug|Any CPU.ActiveCfg = Debug|Any CPU
		{29C0639D-93F5-46CD-9C69-7B514C3DB53C}.Debug|Any CPU.Build.0 = Debug|Any CPU
		{29C0639D-93F5-46CD-9C69-7B514C3DB53C}.Release|Any CPU.ActiveCfg = Release|Any CPU
		{29C0639D-93F5-46CD-9C69-7B514C3DB53C}.Release|Any CPU.Build.0 = Release|Any CPU
		{4A1C40CE-0CB0-4955-BB9C-D041D35000F7}.Debug|Any CPU.ActiveCfg = Debug|Any CPU
		{4A1C40CE-0CB0-4955-BB9C-D041D35000F7}.Debug|Any CPU.Build.0 = Debug|Any CPU
		{4A1C40CE-0CB0-4955-BB9C-D041D35000F7}.Release|Any CPU.ActiveCfg = Release|Any CPU
		{4A1C40CE-0CB0-4955-BB9C-D041D35000F7}.Release|Any CPU.Build.0 = Release|Any CPU
		{17963C9C-8D70-4D03-904E-5EA3600F9989}.Debug|Any CPU.ActiveCfg = Debug|Any CPU
		{17963C9C-8D70-4D03-904E-5EA3600F9989}.Debug|Any CPU.Build.0 = Debug|Any CPU
		{17963C9C-8D70-4D03-904E-5EA3600F9989}.Release|Any CPU.ActiveCfg = Release|Any CPU
		{17963C9C-8D70-4D03-904E-5EA3600F9989}.Release|Any CPU.Build.0 = Release|Any CPU
		{5ADEDF72-8DEF-44BC-B429-3CEEEE4FCC5B}.Debug|Any CPU.ActiveCfg = Debug|Any CPU
		{5ADEDF72-8DEF-44BC-B429-3CEEEE4FCC5B}.Debug|Any CPU.Build.0 = Debug|Any CPU
		{5ADEDF72-8DEF-44BC-B429-3CEEEE4FCC5B}.Release|Any CPU.ActiveCfg = Release|Any CPU
		{5ADEDF72-8DEF-44BC-B429-3CEEEE4FCC5B}.Release|Any CPU.Build.0 = Release|Any CPU
		{12D88E55-7C15-4F4B-A123-503A6F422C76}.Debug|Any CPU.ActiveCfg = Debug|Any CPU
		{12D88E55-7C15-4F4B-A123-503A6F422C76}.Debug|Any CPU.Build.0 = Debug|Any CPU
		{12D88E55-7C15-4F4B-A123-503A6F422C76}.Release|Any CPU.ActiveCfg = Release|Any CPU
		{12D88E55-7C15-4F4B-A123-503A6F422C76}.Release|Any CPU.Build.0 = Release|Any CPU
	EndGlobalSection
	GlobalSection(SolutionProperties) = preSolution
		HideSolutionNode = FALSE
	EndGlobalSection
	GlobalSection(NestedProjects) = preSolution
		{8FB0EC51-9FB0-4279-B888-57F0E0125997} = {138A2AE9-0353-400E-8815-45B5DE270354}
		{B5F4C97E-BEDB-4872-B9DC-D62E3289B868} = {E4079D14-BC97-4E84-A53A-8DBCDF283BEE}
		{55DFECBC-A117-4ECF-A672-27B333779D39} = {33FAFE5C-D1DA-4CF0-A8FE-C24A9EEC70F5}
		{0B6406CE-76E9-4D3C-885A-8A565168AB68} = {33FAFE5C-D1DA-4CF0-A8FE-C24A9EEC70F5}
		{92ADFD94-B0B4-43CD-9685-A99F536C9620} = {27BB2D4E-8C29-458E-9A65-F5B60F862AE2}
		{5DD9DBF7-35C9-41FB-A056-666D46FBE51A} = {27BB2D4E-8C29-458E-9A65-F5B60F862AE2}
		{516DA043-38A9-4658-92ED-EF1B656CFD38} = {138A2AE9-0353-400E-8815-45B5DE270354}
		{E6C5D213-0465-46E1-B604-3706E6FA6E24} = {E63E9A4D-FF14-4F19-B987-E8FD0182C0B5}
		{29C0639D-93F5-46CD-9C69-7B514C3DB53C} = {138A2AE9-0353-400E-8815-45B5DE270354}
		{17963C9C-8D70-4D03-904E-5EA3600F9989} = {138A2AE9-0353-400E-8815-45B5DE270354}
		{5ADEDF72-8DEF-44BC-B429-3CEEEE4FCC5B} = {138A2AE9-0353-400E-8815-45B5DE270354}
		{12D88E55-7C15-4F4B-A123-503A6F422C76} = {27BB2D4E-8C29-458E-9A65-F5B60F862AE2}
	EndGlobalSection
	GlobalSection(ExtensibilityGlobals) = postSolution
		SolutionGuid = {BE42CF0F-8DC1-4D69-9064-DA8AE6D15756}
	EndGlobalSection
EndGlobal
